
Microsoft Visual Studio Solution File, Format Version 12.00
# Visual Studio Version 17
VisualStudioVersion = 17.0.32014.148
MinimumVisualStudioVersion = 10.0.40219.1
Project("{FAE04EC0-301F-11D3-BF4B-00C04F79EFBC}") = "Plus Minus", "Plus Minus\Plus Minus.csproj", "{90D770D9-254D-4A47-B83A-593E6DF4AFBF}"
EndProject
Global
	GlobalSection(SolutionConfigurationPlatforms) = preSolution
		Debug|Any CPU = Debug|Any CPU
		Release|Any CPU = Release|Any CPU
	EndGlobalSection
	GlobalSection(ProjectConfigurationPlatforms) = postSolution
		{90D770D9-254D-4A47-B83A-593E6DF4AFBF}.Debug|Any CPU.ActiveCfg = Debug|Any CPU
		{90D770D9-254D-4A47-B83A-593E6DF4AFBF}.Debug|Any CPU.Build.0 = Debug|Any CPU
		{90D770D9-254D-4A47-B83A-593E6DF4AFBF}.Release|Any CPU.ActiveCfg = Release|Any CPU
		{90D770D9-254D-4A47-B83A-593E6DF4AFBF}.Release|Any CPU.Build.0 = Release|Any CPU
	EndGlobalSection
	GlobalSection(SolutionProperties) = preSolution
		HideSolutionNode = FALSE
	EndGlobalSection
	GlobalSection(ExtensibilityGlobals) = postSolution
		SolutionGuid = {21C62759-9EE6-4D42-A428-6554C2D8ED33}
	EndGlobalSection
EndGlobal
