
Microsoft Visual Studio Solution File, Format Version 12.00
# Visual Studio Version 17
VisualStudioVersion = 17.0.32014.148
MinimumVisualStudioVersion = 10.0.40219.1
Project("{FAE04EC0-301F-11D3-BF4B-00C04F79EFBC}") = "Pangrams", "Pangrams\Pangrams.csproj", "{AA60CB8C-62EC-40A5-BDD7-6635352645C3}"
EndProject
Global
	GlobalSection(SolutionConfigurationPlatforms) = preSolution
		Debug|Any CPU = Debug|Any CPU
		Release|Any CPU = Release|Any CPU
	EndGlobalSection
	GlobalSection(ProjectConfigurationPlatforms) = postSolution
		{AA60CB8C-62EC-40A5-BDD7-6635352645C3}.Debug|Any CPU.ActiveCfg = Debug|Any CPU
		{AA60CB8C-62EC-40A5-BDD7-6635352645C3}.Debug|Any CPU.Build.0 = Debug|Any CPU
		{AA60CB8C-62EC-40A5-BDD7-6635352645C3}.Release|Any CPU.ActiveCfg = Release|Any CPU
		{AA60CB8C-62EC-40A5-BDD7-6635352645C3}.Release|Any CPU.Build.0 = Release|Any CPU
	EndGlobalSection
	GlobalSection(SolutionProperties) = preSolution
		HideSolutionNode = FALSE
	EndGlobalSection
	GlobalSection(ExtensibilityGlobals) = postSolution
		SolutionGuid = {BE350FC0-E442-4E11-8241-43DB364A9514}
	EndGlobalSection
EndGlobal
