
Microsoft Visual Studio Solution File, Format Version 12.00
# Visual Studio Version 17
VisualStudioVersion = 17.0.32014.148
MinimumVisualStudioVersion = 10.0.40219.1
Project("{FAE04EC0-301F-11D3-BF4B-00C04F79EFBC}") = "Mini-Max Sum", "Mini-Max Sum\Mini-Max Sum.csproj", "{FEE98A27-069C-473B-A1A4-63E870B5F169}"
EndProject
Global
	GlobalSection(SolutionConfigurationPlatforms) = preSolution
		Debug|Any CPU = Debug|Any CPU
		Release|Any CPU = Release|Any CPU
	EndGlobalSection
	GlobalSection(ProjectConfigurationPlatforms) = postSolution
		{FEE98A27-069C-473B-A1A4-63E870B5F169}.Debug|Any CPU.ActiveCfg = Debug|Any CPU
		{FEE98A27-069C-473B-A1A4-63E870B5F169}.Debug|Any CPU.Build.0 = Debug|Any CPU
		{FEE98A27-069C-473B-A1A4-63E870B5F169}.Release|Any CPU.ActiveCfg = Release|Any CPU
		{FEE98A27-069C-473B-A1A4-63E870B5F169}.Release|Any CPU.Build.0 = Release|Any CPU
	EndGlobalSection
	GlobalSection(SolutionProperties) = preSolution
		HideSolutionNode = FALSE
	EndGlobalSection
	GlobalSection(ExtensibilityGlobals) = postSolution
		SolutionGuid = {B6E33127-7B32-43C0-98DA-794595389682}
	EndGlobalSection
EndGlobal
