
Microsoft Visual Studio Solution File, Format Version 12.00
# Visual Studio Version 17
VisualStudioVersion = 17.0.32014.148
MinimumVisualStudioVersion = 10.0.40219.1
Project("{FAE04EC0-301F-11D3-BF4B-00C04F79EFBC}") = "Diagonal Difference", "Diagonal Difference\Diagonal Difference.csproj", "{00914162-9A62-4A06-BD48-AAF493867441}"
EndProject
Global
	GlobalSection(SolutionConfigurationPlatforms) = preSolution
		Debug|Any CPU = Debug|Any CPU
		Release|Any CPU = Release|Any CPU
	EndGlobalSection
	GlobalSection(ProjectConfigurationPlatforms) = postSolution
		{00914162-9A62-4A06-BD48-AAF493867441}.Debug|Any CPU.ActiveCfg = Debug|Any CPU
		{00914162-9A62-4A06-BD48-AAF493867441}.Debug|Any CPU.Build.0 = Debug|Any CPU
		{00914162-9A62-4A06-BD48-AAF493867441}.Release|Any CPU.ActiveCfg = Release|Any CPU
		{00914162-9A62-4A06-BD48-AAF493867441}.Release|Any CPU.Build.0 = Release|Any CPU
	EndGlobalSection
	GlobalSection(SolutionProperties) = preSolution
		HideSolutionNode = FALSE
	EndGlobalSection
	GlobalSection(ExtensibilityGlobals) = postSolution
		SolutionGuid = {8B32BDF1-5406-40B5-8FF1-56FE6C22CF75}
	EndGlobalSection
EndGlobal
